
Microsoft Visual Studio Solution File, Format Version 12.00
# Visual Studio Version 17
VisualStudioVersion = 17.11.35219.272
MinimumVisualStudioVersion = 10.0.40219.1
Project("{FAE04EC0-301F-11D3-BF4B-00C04F79EFBC}") = "Ful", "Ful\Ful.csproj", "{05035F66-58CA-4630-A1A2-AA0B43B0655C}"
EndProject
Global
	GlobalSection(SolutionConfigurationPlatforms) = preSolution
		Debug|Any CPU = Debug|Any CPU
		Release|Any CPU = Release|Any CPU
	EndGlobalSection
	GlobalSection(ProjectConfigurationPlatforms) = postSolution
		{05035F66-58CA-4630-A1A2-AA0B43B0655C}.Debug|Any CPU.ActiveCfg = Debug|Any CPU
		{05035F66-58CA-4630-A1A2-AA0B43B0655C}.Debug|Any CPU.Build.0 = Debug|Any CPU
		{05035F66-58CA-4630-A1A2-AA0B43B0655C}.Release|Any CPU.ActiveCfg = Release|Any CPU
		{05035F66-58CA-4630-A1A2-AA0B43B0655C}.Release|Any CPU.Build.0 = Release|Any CPU
	EndGlobalSection
	GlobalSection(SolutionProperties) = preSolution
		HideSolutionNode = FALSE
	EndGlobalSection
	GlobalSection(ExtensibilityGlobals) = postSolution
		SolutionGuid = {F07986D0-A525-4587-9CA1-9324109A76B4}
	EndGlobalSection
EndGlobal
